{
  "name": "rn-icon-generator",
  "version": "1.0.0",
  "lockfileVersion": 1,
  "requires": true,
  "dependencies": {
    "@babel/runtime": {
      "version": "7.7.7",
      "resolved": "https://registry.npmjs.org/@babel/runtime/-/runtime-7.7.7.tgz",
      "integrity": "sha512-uCnC2JEVAu8AKB5do1WRIsvrdJ0flYx/A/9f/6chdacnEZ7LmavjdsDXr5ksYBegxtuTPR5Va9/+13QF/kFkCA==",
      "requires": {
        "regenerator-runtime": "^0.13.2"
      }
    },
    "@jimp/plugin-circle": {
      "version": "0.9.3",
      "resolved": "https://registry.npmjs.org/@jimp/plugin-circle/-/plugin-circle-0.9.3.tgz",
      "integrity": "sha512-9yqOyFVw1qTzBz/7v9icNBtIf8L96fM+0o2+AVP0MF3pLaG4Efl/vg7vCdMnPynB8NLeIg7TpZDjOCjf9zx91Q==",
      "requires": {
        "@babel/runtime": "^7.7.2",
        "@jimp/utils": "^0.9.3",
        "core-js": "^3.4.1"
      }
    },
    "@jimp/utils": {
      "version": "0.9.3",
      "resolved": "https://registry.npmjs.org/@jimp/utils/-/utils-0.9.3.tgz",
      "integrity": "sha512-9D2Of6BcjYONtl77YfmU2y5aRMLe0/O2e2aQvfCxdNwD33jRdwNdN4i3m73dpiClNquApIjL4nYGhTixA4UstA==",
      "requires": {
        "@babel/runtime": "^7.7.2",
        "core-js": "^3.4.1"
      }
    },
    "core-js": {
      "version": "3.6.2",
      "resolved": "https://registry.npmjs.org/core-js/-/core-js-3.6.2.tgz",
      "integrity": "sha512-hIE5dXkRzRvnZ5vhkRfQxUvDxQZmD9oueA08jDYRBKJHx+VIl/Pne/e0A4x9LObEEthC/TqiZybUoNM4tRgnKg=="
    },
    "regenerator-runtime": {
      "version": "0.13.3",
      "resolved": "https://registry.npmjs.org/regenerator-runtime/-/regenerator-runtime-0.13.3.tgz",
      "integrity": "sha512-naKIZz2GQ8JWh///G7L3X6LaQUAMp2lvb1rvwwsURe/VXwD6VMfr+/1NuNw3ag8v2kY1aQ/go5SNn79O9JU7yw=="
    }
  }
}
